{
  "name": "playwright-test-fw",
  "version": "1.0.0",
  "lockfileVersion": 3,
  "requires": true,
  "packages": {
    "": {
      "name": "playwright-test-fw",
      "version": "1.0.0",
      "license": "ISC",
      "dependencies": {
        "dotenv": "^16.3.1"
      },
      "devDependencies": {
        "@playwright/test": "^1.40.0",
        "playwright": "^1.40.0"
      }
    },
    "node_modules/@playwright/test": {
      "version": "1.40.1",
      "resolved": "https://registry.npmjs.org/@playwright/test/-/test-1.40.1.tgz",
      "integrity": "sha512-EaaawM6hSzYh2F9vXG0CIKzlQvsqyJnxfXqbqsikFARxNn5fgpLH4V5P82g4BKqN2F/R/UGWpvmRMiHjNrNGA==",
      "dependencies": {
        "playwright": "1.40.1"
      },
      "bin": {
        "playwright": "cli.js"
      }
    },
    "node_modules/dotenv": {
      "version": "16.3.1",
      "resolved": "https://registry.npmjs.org/dotenv/-/dotenv-16.3.1.tgz",
      "integrity": "sha512-IPzF4w4/Ct6BgR8xtto2I+AkYIBFd/CKiccCn23+/7qQQF+W2/(4w1CxiRYRv6XYb87E1awX2xSEG7ojL6cqA=="
    },
    "node_modules/playwright": {
      "version": "1.40.1",
      "resolved": "https://registry.npmjs.org/playwright/-/playwright-1.40.1.tgz",
      "integrity": "sha512-5LSjqRpBTFEK5w9aFavMSb0GH1w+Dh3hhEKEp8ItRJLMlh/y9dXfh+lFMwb0UMpF1xf6VmEqZ9zLQHCbJaGlA==",
      "hasInstallScript": true,
      "dependencies": {
        "playwright-core": "1.40.1"
      },
      "bin": {
        "playwright": "cli.js"
      }
    },
    "node_modules/playwright-core": {
      "version": "1.40.1",
      "resolved": "https://registry.npmjs.org/playwright-core/-/playwright-core-1.40.1.tgz",
      "integrity": "sha512-+hkS4k8G7Eo4bM4EBGmAWe8bO02Ps1pHbFf/prwpOYsI0mwqXPJ6JiN4dIyKLpq4U9rGUhLQs1ew+InpN3CXA=="
    }
  }
}
